
Microsoft Visual Studio Solution File, Format Version 12.00
# Visual Studio Version 16
VisualStudioVersion = 16.0.31624.102
MinimumVisualStudioVersion = 10.0.40219.1
Project("{9A19103F-16F7-4668-BE54-9A1E7A4F7556}") = "Portal", "Portal\Portal.csproj", "{94E3403E-626B-4884-B6D3-2BF9A347E3E6}"
EndProject
Project("{9A19103F-16F7-4668-BE54-9A1E7A4F7556}") = "Domain", "Domain\Domain.csproj", "{1F06930C-A2B5-4EA4-B522-D3099EB02005}"
EndProject
Project("{9A19103F-16F7-4668-BE54-9A1E7A4F7556}") = "Infrastructure", "Infrastructure\Infrastructure.csproj", "{B1B1D0F2-7F5E-4840-85A6-2EF67CB53D60}"
EndProject
Project("{FAE04EC0-301F-11D3-BF4B-00C04F79EFBC}") = "Tests", "Tests\Tests.csproj", "{42BBBB97-E7F5-46FF-8974-FECF31E5F8AF}"
EndProject
Global
	GlobalSection(SolutionConfigurationPlatforms) = preSolution
		Debug|Any CPU = Debug|Any CPU
		Release|Any CPU = Release|Any CPU
	EndGlobalSection
	GlobalSection(ProjectConfigurationPlatforms) = postSolution
		{94E3403E-626B-4884-B6D3-2BF9A347E3E6}.Debug|Any CPU.ActiveCfg = Debug|Any CPU
		{94E3403E-626B-4884-B6D3-2BF9A347E3E6}.Debug|Any CPU.Build.0 = Debug|Any CPU
		{94E3403E-626B-4884-B6D3-2BF9A347E3E6}.Release|Any CPU.ActiveCfg = Release|Any CPU
		{94E3403E-626B-4884-B6D3-2BF9A347E3E6}.Release|Any CPU.Build.0 = Release|Any CPU
		{1F06930C-A2B5-4EA4-B522-D3099EB02005}.Debug|Any CPU.ActiveCfg = Debug|Any CPU
		{1F06930C-A2B5-4EA4-B522-D3099EB02005}.Debug|Any CPU.Build.0 = Debug|Any CPU
		{1F06930C-A2B5-4EA4-B522-D3099EB02005}.Release|Any CPU.ActiveCfg = Release|Any CPU
		{1F06930C-A2B5-4EA4-B522-D3099EB02005}.Release|Any CPU.Build.0 = Release|Any CPU
		{B1B1D0F2-7F5E-4840-85A6-2EF67CB53D60}.Debug|Any CPU.ActiveCfg = Debug|Any CPU
		{B1B1D0F2-7F5E-4840-85A6-2EF67CB53D60}.Debug|Any CPU.Build.0 = Debug|Any CPU
		{B1B1D0F2-7F5E-4840-85A6-2EF67CB53D60}.Release|Any CPU.ActiveCfg = Release|Any CPU
		{B1B1D0F2-7F5E-4840-85A6-2EF67CB53D60}.Release|Any CPU.Build.0 = Release|Any CPU
		{42BBBB97-E7F5-46FF-8974-FECF31E5F8AF}.Debug|Any CPU.ActiveCfg = Debug|Any CPU
		{42BBBB97-E7F5-46FF-8974-FECF31E5F8AF}.Debug|Any CPU.Build.0 = Debug|Any CPU
		{42BBBB97-E7F5-46FF-8974-FECF31E5F8AF}.Release|Any CPU.ActiveCfg = Release|Any CPU
		{42BBBB97-E7F5-46FF-8974-FECF31E5F8AF}.Release|Any CPU.Build.0 = Release|Any CPU
	EndGlobalSection
	GlobalSection(SolutionProperties) = preSolution
		HideSolutionNode = FALSE
	EndGlobalSection
	GlobalSection(ExtensibilityGlobals) = postSolution
		SolutionGuid = {891FC0EB-CA54-4219-8FF8-E9AB2A8E3DEE}
	EndGlobalSection
EndGlobal
